
Microsoft Visual Studio Solution File, Format Version 10.00
# Visual Studio 2008
Project("{FAE04EC0-301F-11D3-BF4B-00C04F79EFBC}") = "GtkControl", "GtkControl.csproj", "{FF195BBE-4033-4943-9DA3-BD98986D7916}"
EndProject
Global
	GlobalSection(SolutionConfigurationPlatforms) = preSolution
		Debug|Any CPU = Debug|Any CPU
		Release|Any CPU = Release|Any CPU
	EndGlobalSection
	GlobalSection(ProjectConfigurationPlatforms) = postSolution
		{FF195BBE-4033-4943-9DA3-BD98986D7916}.Debug|Any CPU.ActiveCfg = Debug|Any CPU
		{FF195BBE-4033-4943-9DA3-BD98986D7916}.Debug|Any CPU.Build.0 = Debug|Any CPU
		{FF195BBE-4033-4943-9DA3-BD98986D7916}.Release|Any CPU.ActiveCfg = Release|Any CPU
		{FF195BBE-4033-4943-9DA3-BD98986D7916}.Release|Any CPU.Build.0 = Release|Any CPU
	EndGlobalSection
	GlobalSection(MonoDevelopProperties) = preSolution
		StartupItem = GtkControl.csproj
		name = GtkControl
	EndGlobalSection
EndGlobal
